
Microsoft Visual Studio Solution File, Format Version 12.00
# Visual Studio Version 17
VisualStudioVersion = 17.2.32505.173
MinimumVisualStudioVersion = 10.0.40219.1
Project("{9A19103F-16F7-4668-BE54-9A1E7A4F7556}") = "Scan2XDocumentComparison.Server", "Scan2XDocumentComparison\Server\Scan2XDocumentComparison.Server.csproj", "{F943DA23-6C83-49C9-B19C-007651D069BC}"
EndProject
Project("{9A19103F-16F7-4668-BE54-9A1E7A4F7556}") = "Scan2XDocumentComparison.Client", "Scan2XDocumentComparison\Client\Scan2XDocumentComparison.Client.csproj", "{99FA8669-9F37-40A3-AD65-A7DF2C9F89C3}"
EndProject
Project("{9A19103F-16F7-4668-BE54-9A1E7A4F7556}") = "Scan2XDocumentComparison.Shared", "Scan2XDocumentComparison\Shared\Scan2XDocumentComparison.Shared.csproj", "{28A8DEA6-B78A-4DAD-A2E4-4387944FE739}"
EndProject
Global
	GlobalSection(SolutionConfigurationPlatforms) = preSolution
		Debug|Any CPU = Debug|Any CPU
		Release|Any CPU = Release|Any CPU
	EndGlobalSection
	GlobalSection(ProjectConfigurationPlatforms) = postSolution
		{F943DA23-6C83-49C9-B19C-007651D069BC}.Debug|Any CPU.ActiveCfg = Debug|Any CPU
		{F943DA23-6C83-49C9-B19C-007651D069BC}.Debug|Any CPU.Build.0 = Debug|Any CPU
		{F943DA23-6C83-49C9-B19C-007651D069BC}.Release|Any CPU.ActiveCfg = Release|Any CPU
		{F943DA23-6C83-49C9-B19C-007651D069BC}.Release|Any CPU.Build.0 = Release|Any CPU
		{99FA8669-9F37-40A3-AD65-A7DF2C9F89C3}.Debug|Any CPU.ActiveCfg = Debug|Any CPU
		{99FA8669-9F37-40A3-AD65-A7DF2C9F89C3}.Debug|Any CPU.Build.0 = Debug|Any CPU
		{99FA8669-9F37-40A3-AD65-A7DF2C9F89C3}.Release|Any CPU.ActiveCfg = Release|Any CPU
		{99FA8669-9F37-40A3-AD65-A7DF2C9F89C3}.Release|Any CPU.Build.0 = Release|Any CPU
		{28A8DEA6-B78A-4DAD-A2E4-4387944FE739}.Debug|Any CPU.ActiveCfg = Debug|Any CPU
		{28A8DEA6-B78A-4DAD-A2E4-4387944FE739}.Debug|Any CPU.Build.0 = Debug|Any CPU
		{28A8DEA6-B78A-4DAD-A2E4-4387944FE739}.Release|Any CPU.ActiveCfg = Release|Any CPU
		{28A8DEA6-B78A-4DAD-A2E4-4387944FE739}.Release|Any CPU.Build.0 = Release|Any CPU
	EndGlobalSection
	GlobalSection(SolutionProperties) = preSolution
		HideSolutionNode = FALSE
	EndGlobalSection
	GlobalSection(ExtensibilityGlobals) = postSolution
		SolutionGuid = {3BB07295-C3F9-4F8A-8E2D-DCA9DFC59A9B}
	EndGlobalSection
EndGlobal
